
Microsoft Visual Studio Solution File, Format Version 12.00
# Visual Studio Version 17
VisualStudioVersion = 17.12.35527.113 d17.12
MinimumVisualStudioVersion = 10.0.40219.1
Project("{FAE04EC0-301F-11D3-BF4B-00C04F79EFBC}") = "tresuaryAPi2", "tresuaryAPi2.csproj", "{FFA39E8B-E31D-41B8-9F2D-9A61E37929BB}"
EndProject
Global
	GlobalSection(SolutionConfigurationPlatforms) = preSolution
		Debug|Any CPU = Debug|Any CPU
		Release|Any CPU = Release|Any CPU
	EndGlobalSection
	GlobalSection(ProjectConfigurationPlatforms) = postSolution
		{FFA39E8B-E31D-41B8-9F2D-9A61E37929BB}.Debug|Any CPU.ActiveCfg = Debug|Any CPU
		{FFA39E8B-E31D-41B8-9F2D-9A61E37929BB}.Debug|Any CPU.Build.0 = Debug|Any CPU
		{FFA39E8B-E31D-41B8-9F2D-9A61E37929BB}.Release|Any CPU.ActiveCfg = Release|Any CPU
		{FFA39E8B-E31D-41B8-9F2D-9A61E37929BB}.Release|Any CPU.Build.0 = Release|Any CPU
	EndGlobalSection
	GlobalSection(SolutionProperties) = preSolution
		HideSolutionNode = FALSE
	EndGlobalSection
EndGlobal
